{
  "nodes": {
    "devshell": {
      "locked": {
        "lastModified": 1632436039,
        "narHash": "sha256-OtITeVWcKXn1SpVEnImpTGH91FycCskGBPqmlxiykv4=",
        "owner": "numtide",
        "repo": "devshell",
        "rev": "7a7a7aa0adebe5488e5abaec688fd9ae0f8ea9c6",
        "type": "github"
      },
      "original": {
        "owner": "numtide",
        "repo": "devshell",
        "type": "github"
      }
    },
    "devshell_2": {
      "locked": {
        "lastModified": 1632436039,
        "narHash": "sha256-OtITeVWcKXn1SpVEnImpTGH91FycCskGBPqmlxiykv4=",
        "owner": "numtide",
        "repo": "devshell",
        "rev": "7a7a7aa0adebe5488e5abaec688fd9ae0f8ea9c6",
        "type": "github"
      },
      "original": {
        "owner": "numtide",
        "repo": "devshell",
        "type": "github"
      }
    },
    "devshell_3": {
      "locked": {
        "lastModified": 1636119665,
        "narHash": "sha256-e11Z9PyH9hdgTm4Vyl8S5iTwrv0um6+srzb1Ba+YUHA=",
        "owner": "numtide",
        "repo": "devshell",
        "rev": "ab14b1a3cb253f58e02f5f849d621292fbf81fad",
        "type": "github"
      },
      "original": {
        "owner": "numtide",
        "repo": "devshell",
        "type": "github"
      }
    },
    "driver": {
      "inputs": {
        "devshell": "devshell_2",
        "inclusive": "inclusive",
        "nixpkgs": "nixpkgs",
        "utils": "utils"
      },
      "locked": {
        "lastModified": 1636111967,
        "narHash": "sha256-6OWQ4h6fJBG1ONQ6IFSYmJB//psdYJ/QhSGcnzxR+z0=",
        "owner": "input-output-hk",
        "repo": "nomad-driver-nix",
        "rev": "ad5373600b53e6a62253ab52d240c981bbeb3dc0",
        "type": "github"
      },
      "original": {
        "owner": "input-output-hk",
        "repo": "nomad-driver-nix",
        "type": "github"
      }
    },
    "follower": {
      "inputs": {
        "devshell": "devshell_3",
        "inclusive": "inclusive_2",
        "nixpkgs": "nixpkgs_2",
        "utils": "utils_2"
      },
      "locked": {
        "lastModified": 1636474211,
        "narHash": "sha256-SrgIln4OJsZGQjzOVU+6BE9FJE+mBBE1WpJ1uDUSrMI=",
        "owner": "input-output-hk",
        "repo": "nomad-follower",
        "rev": "550175162fe0d63c3558208fbb7844d7accba7b5",
        "type": "github"
      },
      "original": {
        "owner": "input-output-hk",
        "repo": "nomad-follower",
        "type": "github"
      }
    },
    "inclusive": {
      "inputs": {
        "stdlib": "stdlib"
      },
      "locked": {
        "lastModified": 1628098927,
        "narHash": "sha256-Ft4sdf7VPL8MQtu18AAPiN2s5pUsbv+3RxqzJSa/yzg=",
        "owner": "input-output-hk",
        "repo": "nix-inclusive",
        "rev": "13123eb7a8c3359738a4756b8d645729e8655b27",
        "type": "github"
      },
      "original": {
        "owner": "input-output-hk",
        "repo": "nix-inclusive",
        "type": "github"
      }
    },
    "inclusive_2": {
      "inputs": {
        "stdlib": "stdlib_2"
      },
      "locked": {
        "lastModified": 1628098927,
        "narHash": "sha256-Ft4sdf7VPL8MQtu18AAPiN2s5pUsbv+3RxqzJSa/yzg=",
        "owner": "input-output-hk",
        "repo": "nix-inclusive",
        "rev": "13123eb7a8c3359738a4756b8d645729e8655b27",
        "type": "github"
      },
      "original": {
        "owner": "input-output-hk",
        "repo": "nix-inclusive",
        "type": "github"
      }
    },
    "inclusive_3": {
      "inputs": {
        "stdlib": "stdlib_3"
      },
      "locked": {
        "lastModified": 1628098927,
        "narHash": "sha256-Ft4sdf7VPL8MQtu18AAPiN2s5pUsbv+3RxqzJSa/yzg=",
        "owner": "input-output-hk",
        "repo": "nix-inclusive",
        "rev": "13123eb7a8c3359738a4756b8d645729e8655b27",
        "type": "github"
      },
      "original": {
        "owner": "input-output-hk",
        "repo": "nix-inclusive",
        "type": "github"
      }
    },
    "nixpkgs": {
      "locked": {
        "lastModified": 1634821460,
        "narHash": "sha256-JYMDrBX4cn1Je5EOEybZEbNH+uibT7bN5DBPjDddD+4=",
        "owner": "manveru",
        "repo": "nixpkgs",
        "rev": "e629023c0742f2726e1b2bb52d3c04fc28f7c00c",
        "type": "github"
      },
      "original": {
        "owner": "manveru",
        "ref": "use-atomic-bind-mounts",
        "repo": "nixpkgs",
        "type": "github"
      }
    },
    "nixpkgs-os": {
      "locked": {
        "lastModified": 1634821460,
        "narHash": "sha256-JYMDrBX4cn1Je5EOEybZEbNH+uibT7bN5DBPjDddD+4=",
        "owner": "manveru",
        "repo": "nixpkgs",
        "rev": "e629023c0742f2726e1b2bb52d3c04fc28f7c00c",
        "type": "github"
      },
      "original": {
        "owner": "manveru",
        "ref": "use-atomic-bind-mounts",
        "repo": "nixpkgs",
        "type": "github"
      }
    },
    "nixpkgs_2": {
      "locked": {
        "lastModified": 1635934775,
        "narHash": "sha256-DUkBfZjgeefgqyvFxnkZiOOWXgHP5Y1oKp/Zm+LT05Y=",
        "owner": "nixos",
        "repo": "nixpkgs",
        "rev": "4789953e5c1ef6d10e3ff437e5b7ab8eed526942",
        "type": "github"
      },
      "original": {
        "owner": "nixos",
        "ref": "nixpkgs-unstable",
        "repo": "nixpkgs",
        "type": "github"
      }
    },
    "nixpkgs_3": {
      "locked": {
        "lastModified": 1635214691,
        "narHash": "sha256-65D0Q6fAKzX3ZGlJSTZGj4jbIB7fttZ8FD754AOYeiQ=",
        "owner": "NixOS",
        "repo": "nixpkgs",
        "rev": "30f73c6493b4877753da54bfafd1aef90f0eebdf",
        "type": "github"
      },
      "original": {
        "owner": "NixOS",
        "ref": "nixpkgs-unstable",
        "repo": "nixpkgs",
        "type": "github"
      }
    },
    "root": {
      "inputs": {
        "devshell": "devshell",
        "driver": "driver",
        "follower": "follower",
        "inclusive": "inclusive_3",
        "nixpkgs": "nixpkgs_3",
        "nixpkgs-os": "nixpkgs-os",
        "utils": "utils_3"
      }
    },
    "stdlib": {
      "locked": {
        "lastModified": 1590026685,
        "narHash": "sha256-E5INrVvYX/P/UpcoUFDAsuHem+lsqT+/teBs9O7oc9Q=",
        "owner": "manveru",
        "repo": "nix-lib",
        "rev": "99088cf7febcdb21afd375a335dcafa959bef3ed",
        "type": "github"
      },
      "original": {
        "owner": "manveru",
        "repo": "nix-lib",
        "type": "github"
      }
    },
    "stdlib_2": {
      "locked": {
        "lastModified": 1590026685,
        "narHash": "sha256-E5INrVvYX/P/UpcoUFDAsuHem+lsqT+/teBs9O7oc9Q=",
        "owner": "manveru",
        "repo": "nix-lib",
        "rev": "99088cf7febcdb21afd375a335dcafa959bef3ed",
        "type": "github"
      },
      "original": {
        "owner": "manveru",
        "repo": "nix-lib",
        "type": "github"
      }
    },
    "stdlib_3": {
      "locked": {
        "lastModified": 1590026685,
        "narHash": "sha256-E5INrVvYX/P/UpcoUFDAsuHem+lsqT+/teBs9O7oc9Q=",
        "owner": "manveru",
        "repo": "nix-lib",
        "rev": "99088cf7febcdb21afd375a335dcafa959bef3ed",
        "type": "github"
      },
      "original": {
        "owner": "manveru",
        "repo": "nix-lib",
        "type": "github"
      }
    },
    "utils": {
      "locked": {
        "lastModified": 1633020561,
        "narHash": "sha256-4uAiRqL9nP3d/NQ8VBqjQ5iZypHaM+X/FyWpXVXkwTA=",
        "owner": "kreisys",
        "repo": "flake-utils",
        "rev": "2923532a276a5595ee64376ec1b3db6ed8503c52",
        "type": "github"
      },
      "original": {
        "owner": "kreisys",
        "repo": "flake-utils",
        "type": "github"
      }
    },
    "utils_2": {
      "locked": {
        "lastModified": 1633020561,
        "narHash": "sha256-4uAiRqL9nP3d/NQ8VBqjQ5iZypHaM+X/FyWpXVXkwTA=",
        "owner": "kreisys",
        "repo": "flake-utils",
        "rev": "2923532a276a5595ee64376ec1b3db6ed8503c52",
        "type": "github"
      },
      "original": {
        "owner": "kreisys",
        "repo": "flake-utils",
        "type": "github"
      }
    },
    "utils_3": {
      "locked": {
        "lastModified": 1633020561,
        "narHash": "sha256-4uAiRqL9nP3d/NQ8VBqjQ5iZypHaM+X/FyWpXVXkwTA=",
        "owner": "kreisys",
        "repo": "flake-utils",
        "rev": "2923532a276a5595ee64376ec1b3db6ed8503c52",
        "type": "github"
      },
      "original": {
        "owner": "kreisys",
        "repo": "flake-utils",
        "type": "github"
      }
    }
  },
  "root": "root",
  "version": 7
}
